
Microsoft Visual Studio Solution File, Format Version 12.00
# Visual Studio Version 17
VisualStudioVersion = 17.6.33829.357
MinimumVisualStudioVersion = 10.0.40219.1
Project("{9A19103F-16F7-4668-BE54-9A1E7A4F7556}") = "HimsCountry", "hims-country\HimsCountry.csproj", "{3BE3819A-710E-49AA-8E4F-F928CA8BD17B}"
EndProject
Global
	GlobalSection(SolutionConfigurationPlatforms) = preSolution
		Debug|Any CPU = Debug|Any CPU
		Release|Any CPU = Release|Any CPU
	EndGlobalSection
	GlobalSection(ProjectConfigurationPlatforms) = postSolution
		{3BE3819A-710E-49AA-8E4F-F928CA8BD17B}.Debug|Any CPU.ActiveCfg = Debug|Any CPU
		{3BE3819A-710E-49AA-8E4F-F928CA8BD17B}.Debug|Any CPU.Build.0 = Debug|Any CPU
		{3BE3819A-710E-49AA-8E4F-F928CA8BD17B}.Release|Any CPU.ActiveCfg = Release|Any CPU
		{3BE3819A-710E-49AA-8E4F-F928CA8BD17B}.Release|Any CPU.Build.0 = Release|Any CPU
	EndGlobalSection
	GlobalSection(SolutionProperties) = preSolution
		HideSolutionNode = FALSE
	EndGlobalSection
	GlobalSection(ExtensibilityGlobals) = postSolution
		SolutionGuid = {DEFC2809-2BAF-42D6-AE1A-0FE15A65DBF0}
	EndGlobalSection
EndGlobal
